{
  "nodes": {
    "dm-mono-font": {
      "flake": false,
      "locked": {
        "lastModified": 1586946937,
        "narHash": "sha256-Xj6UmvH7tqW6xdobBxuafqc7TB1nrTFwHWv4DaZmwx8=",
        "owner": "googlefonts",
        "repo": "dm-mono",
        "rev": "57fadabfb200a77de2812540026c249dc3013077",
        "type": "github"
      },
      "original": {
        "owner": "googlefonts",
        "repo": "dm-mono",
        "type": "github"
      }
    },
    "fish-plugin-foreign-env": {
      "flake": false,
      "locked": {
        "lastModified": 1673700138,
        "narHash": "sha256-vyW/X2lLjsieMpP9Wi2bZPjReaZBkqUbkh15zOi8T4Y=",
        "owner": "oh-my-fish",
        "repo": "plugin-foreign-env",
        "rev": "3ee95536106c11073d6ff466c1681cde31001383",
        "type": "github"
      },
      "original": {
        "owner": "oh-my-fish",
        "repo": "plugin-foreign-env",
        "type": "github"
      }
    },
    "fish-plugin-fzf": {
      "flake": false,
      "locked": {
        "lastModified": 1684865037,
        "narHash": "sha256-xWaMd5POCDeeFTsGtHbIvsPelIp+GZPC1X1CseCo3BA=",
        "owner": "PatrickF1",
        "repo": "fzf.fish",
        "rev": "c5e170730b4f8395e116d7c06883ed53da2d5561",
        "type": "github"
      },
      "original": {
        "owner": "PatrickF1",
        "repo": "fzf.fish",
        "type": "github"
      }
    },
    "flake-compat": {
      "flake": false,
      "locked": {
        "lastModified": 1673956053,
        "narHash": "sha256-4gtG9iQuiKITOjNQQeQIpoIB6b16fm+504Ch3sNKLd8=",
        "owner": "edolstra",
        "repo": "flake-compat",
        "rev": "35bb57c0c8d8b62bbfd284272c928ceb64ddbde9",
        "type": "github"
      },
      "original": {
        "owner": "edolstra",
        "repo": "flake-compat",
        "type": "github"
      }
    },
    "home-manager": {
      "inputs": {
        "nixpkgs": [
          "nixpkgs"
        ]
      },
      "locked": {
        "lastModified": 1687647343,
        "narHash": "sha256-1/o/i9KEFOBdlF9Cs04kBcqDFbYMt6W4SMqGa+QnnaI=",
        "owner": "nix-community",
        "repo": "home-manager",
        "rev": "0ee5ab611dc1fbb5180bd7d88d2aeb7841a4d179",
        "type": "github"
      },
      "original": {
        "owner": "nix-community",
        "repo": "home-manager",
        "type": "github"
      }
    },
    "nixpkgs": {
      "locked": {
        "lastModified": 1687518131,
        "narHash": "sha256-KirltRIc4SFfk8bTNudIqgKAALH5oqpW3PefmkfWK5M=",
        "owner": "nixos",
        "repo": "nixpkgs",
        "rev": "3d8a93602bc54ece7a4e689d9aea1a574e2bbc24",
        "type": "github"
      },
      "original": {
        "owner": "nixos",
        "repo": "nixpkgs",
        "rev": "3d8a93602bc54ece7a4e689d9aea1a574e2bbc24",
        "type": "github"
      }
    },
    "root": {
      "inputs": {
        "dm-mono-font": "dm-mono-font",
        "fish-plugin-foreign-env": "fish-plugin-foreign-env",
        "fish-plugin-fzf": "fish-plugin-fzf",
        "flake-compat": "flake-compat",
        "home-manager": "home-manager",
        "nixpkgs": "nixpkgs"
      }
    }
  },
  "root": "root",
  "version": 7
}
