{
  "nodes": {
    "dm-mono-font": {
      "flake": false,
      "locked": {
        "lastModified": 1586946937,
        "narHash": "sha256-Xj6UmvH7tqW6xdobBxuafqc7TB1nrTFwHWv4DaZmwx8=",
        "owner": "googlefonts",
        "repo": "dm-mono",
        "rev": "57fadabfb200a77de2812540026c249dc3013077",
        "type": "github"
      },
      "original": {
        "owner": "googlefonts",
        "repo": "dm-mono",
        "type": "github"
      }
    },
    "fish-plugin-foreign-env": {
      "flake": false,
      "locked": {
        "lastModified": 1692819433,
        "narHash": "sha256-4+k5rSoxkTtYFh/lEjhRkVYa2S4KEzJ/IJbyJl+rJjQ=",
        "owner": "oh-my-fish",
        "repo": "plugin-foreign-env",
        "rev": "7f0cf099ae1e1e4ab38f46350ed6757d54471de7",
        "type": "github"
      },
      "original": {
        "owner": "oh-my-fish",
        "repo": "plugin-foreign-env",
        "type": "github"
      }
    },
    "fish-plugin-fzf": {
      "flake": false,
      "locked": {
        "lastModified": 1704317914,
        "narHash": "sha256-5cO5Ey7z7KMF3vqQhIbYip5JR6YiS2I9VPRd6BOmeC8=",
        "owner": "PatrickF1",
        "repo": "fzf.fish",
        "rev": "e5d54b93cd3e096ad6c2a419df33c4f50451c900",
        "type": "github"
      },
      "original": {
        "owner": "PatrickF1",
        "repo": "fzf.fish",
        "type": "github"
      }
    },
    "flake-compat": {
      "flake": false,
      "locked": {
        "lastModified": 1696426674,
        "narHash": "sha256-kvjfFW7WAETZlt09AgDn1MrtKzP7t90Vf7vypd3OL1U=",
        "owner": "edolstra",
        "repo": "flake-compat",
        "rev": "0f9255e01c2351cc7d116c072cb317785dd33b33",
        "type": "github"
      },
      "original": {
        "owner": "edolstra",
        "repo": "flake-compat",
        "type": "github"
      }
    },
    "home-manager": {
      "inputs": {
        "nixpkgs": [
          "nixpkgs"
        ]
      },
      "locked": {
        "lastModified": 1708031129,
        "narHash": "sha256-EH20hJfNnc1/ODdDVat9B7aKm0B95L3YtkIRwKLvQG8=",
        "owner": "nix-community",
        "repo": "home-manager",
        "rev": "3d6791b3897b526c82920a2ab5f61d71985b3cf8",
        "type": "github"
      },
      "original": {
        "owner": "nix-community",
        "repo": "home-manager",
        "type": "github"
      }
    },
    "monaspace-font": {
      "flake": false,
      "locked": {
        "lastModified": 1699482037,
        "narHash": "sha256-Zo56r0QoLwxwGQtcWP5cDlasx000G9BFeGINvvwEpQs=",
        "owner": "githubnext",
        "repo": "monaspace",
        "rev": "601eb27f902432999302e0e64db2daacc954f156",
        "type": "github"
      },
      "original": {
        "owner": "githubnext",
        "repo": "monaspace",
        "rev": "601eb27f902432999302e0e64db2daacc954f156",
        "type": "github"
      }
    },
    "nix-darwin": {
      "inputs": {
        "nixpkgs": [
          "nixpkgs"
        ]
      },
      "locked": {
        "lastModified": 1708231718,
        "narHash": "sha256-IZdieFWvhBkxoOFMDejqLUYqD94WN6k0YSpw0DFy+4g=",
        "owner": "LnL7",
        "repo": "nix-darwin",
        "rev": "0e6857fa1d632637488666c08e7b02c08e3178f8",
        "type": "github"
      },
      "original": {
        "owner": "LnL7",
        "repo": "nix-darwin",
        "type": "github"
      }
    },
    "nixpkgs": {
      "locked": {
        "lastModified": 1708214945,
        "narHash": "sha256-LwP/lKuPasVLqUX+XFf6DbW4BWmM7o5K5unx/dXCJWY=",
        "owner": "nixos",
        "repo": "nixpkgs",
        "rev": "e015f24e508c549ab2ab2ad74dcdad3ae07513fe",
        "type": "github"
      },
      "original": {
        "owner": "nixos",
        "ref": "nixpkgs-unstable",
        "repo": "nixpkgs",
        "type": "github"
      }
    },
    "root": {
      "inputs": {
        "dm-mono-font": "dm-mono-font",
        "fish-plugin-foreign-env": "fish-plugin-foreign-env",
        "fish-plugin-fzf": "fish-plugin-fzf",
        "flake-compat": "flake-compat",
        "home-manager": "home-manager",
        "monaspace-font": "monaspace-font",
        "nix-darwin": "nix-darwin",
        "nixpkgs": "nixpkgs"
      }
    }
  },
  "root": "root",
  "version": 7
}
