{
  "nodes": {
    "dm-mono-font": {
      "flake": false,
      "locked": {
        "lastModified": 1586946937,
        "narHash": "sha256-Xj6UmvH7tqW6xdobBxuafqc7TB1nrTFwHWv4DaZmwx8=",
        "owner": "googlefonts",
        "repo": "dm-mono",
        "rev": "57fadabfb200a77de2812540026c249dc3013077",
        "type": "github"
      },
      "original": {
        "owner": "googlefonts",
        "repo": "dm-mono",
        "type": "github"
      }
    },
    "fish-plugin-foreign-env": {
      "flake": false,
      "locked": {
        "lastModified": 1649621402,
        "narHash": "sha256-3h03WQrBZmTXZLkQh1oVyhv6zlyYsSDS7HTHr+7WjY8=",
        "owner": "oh-my-fish",
        "repo": "plugin-foreign-env",
        "rev": "b3dd471bcc885b597c3922e4de836e06415e52dd",
        "type": "github"
      },
      "original": {
        "owner": "oh-my-fish",
        "repo": "plugin-foreign-env",
        "type": "github"
      }
    },
    "fish-plugin-fzf": {
      "flake": false,
      "locked": {
        "lastModified": 1671145925,
        "narHash": "sha256-aou6UYE6gjLK8J0yXNTFA9yc9Lv8F7ytzBDSmP2K6Sg=",
        "owner": "PatrickF1",
        "repo": "fzf.fish",
        "rev": "175222b9bd79e589da55972b2cd6686b94c6325b",
        "type": "github"
      },
      "original": {
        "owner": "PatrickF1",
        "repo": "fzf.fish",
        "type": "github"
      }
    },
    "flake-compat": {
      "flake": false,
      "locked": {
        "lastModified": 1668681692,
        "narHash": "sha256-Ht91NGdewz8IQLtWZ9LCeNXMSXHUss+9COoqu6JLmXU=",
        "owner": "edolstra",
        "repo": "flake-compat",
        "rev": "009399224d5e398d03b22badca40a37ac85412a1",
        "type": "github"
      },
      "original": {
        "owner": "edolstra",
        "repo": "flake-compat",
        "type": "github"
      }
    },
    "home-manager": {
      "inputs": {
        "nixpkgs": [
          "nixpkgs"
        ],
        "utils": "utils"
      },
      "locked": {
        "lastModified": 1671578428,
        "narHash": "sha256-YmbpBcPaGz9KE2bC4xPvSdgCSMk0BmS/L3ePvy9TR/M=",
        "owner": "nix-community",
        "repo": "home-manager",
        "rev": "0f8bf4f92efa3c6168705b49a6788abb3612033a",
        "type": "github"
      },
      "original": {
        "owner": "nix-community",
        "repo": "home-manager",
        "type": "github"
      }
    },
    "nixpkgs": {
      "locked": {
        "lastModified": 1671692767,
        "narHash": "sha256-D2XVX2BdLhzkMbXgjbYxXKhYozhOOJH71UcQQPQxRug=",
        "owner": "nixos",
        "repo": "nixpkgs",
        "rev": "593d839e8fadea1183e071186ae1b584792d4884",
        "type": "github"
      },
      "original": {
        "owner": "nixos",
        "ref": "nixpkgs-unstable",
        "repo": "nixpkgs",
        "type": "github"
      }
    },
    "root": {
      "inputs": {
        "dm-mono-font": "dm-mono-font",
        "fish-plugin-foreign-env": "fish-plugin-foreign-env",
        "fish-plugin-fzf": "fish-plugin-fzf",
        "flake-compat": "flake-compat",
        "home-manager": "home-manager",
        "nixpkgs": "nixpkgs"
      }
    },
    "utils": {
      "locked": {
        "lastModified": 1667395993,
        "narHash": "sha256-nuEHfE/LcWyuSWnS8t12N1wc105Qtau+/OdUAjtQ0rA=",
        "owner": "numtide",
        "repo": "flake-utils",
        "rev": "5aed5285a952e0b949eb3ba02c12fa4fcfef535f",
        "type": "github"
      },
      "original": {
        "owner": "numtide",
        "repo": "flake-utils",
        "type": "github"
      }
    }
  },
  "root": "root",
  "version": 7
}
